// !$*UTF8*$!
{
	archiveVersion = 1;
	classes = {
	};
	objectVersion = 51;
	objects = {

/* Begin PBXBuildFile section */
		5BD682879FF57298AFFE3801 /* Pods_PhotosForDays.framework in Frameworks */ = {isa = PBXBuildFile; fileRef = 44F3ACD1929FBE3467ECB6FD /* Pods_PhotosForDays.framework */; };
		C924578724929F440046F25C /* AppDelegate.swift in Sources */ = {isa = PBXBuildFile; fileRef = C924578624929F440046F25C /* AppDelegate.swift */; };
		C924578924929F440046F25C /* SceneDelegate.swift in Sources */ = {isa = PBXBuildFile; fileRef = C924578824929F440046F25C /* SceneDelegate.swift */; };
		C924578E24929F440046F25C /* Main.storyboard in Resources */ = {isa = PBXBuildFile; fileRef = C924578C24929F440046F25C /* Main.storyboard */; };
		C924579024929F480046F25C /* Assets.xcassets in Resources */ = {isa = PBXBuildFile; fileRef = C924578F24929F480046F25C /* Assets.xcassets */; };
		C924579324929F480046F25C /* LaunchScreen.storyboard in Resources */ = {isa = PBXBuildFile; fileRef = C924579124929F480046F25C /* LaunchScreen.storyboard */; };
		C92457A02492A2380046F25C /* Coordinator.swift in Sources */ = {isa = PBXBuildFile; fileRef = C924579F2492A2380046F25C /* Coordinator.swift */; };
		C924580D2492AA470046F25C /* SelectDateViewController.swift in Sources */ = {isa = PBXBuildFile; fileRef = C924580C2492AA470046F25C /* SelectDateViewController.swift */; };
		C924580F2492AEB80046F25C /* SelectDateViewModel.swift in Sources */ = {isa = PBXBuildFile; fileRef = C924580E2492AEB80046F25C /* SelectDateViewModel.swift */; };
		C9245813249404A60046F25C /* PhotosCollectionViewController.swift in Sources */ = {isa = PBXBuildFile; fileRef = C9245812249404A60046F25C /* PhotosCollectionViewController.swift */; };
		C9245815249404BB0046F25C /* PhotosCollectionViewModel.swift in Sources */ = {isa = PBXBuildFile; fileRef = C9245814249404BB0046F25C /* PhotosCollectionViewModel.swift */; };
		C92458172494C3E80046F25C /* WebServiceConfiguration.swift in Sources */ = {isa = PBXBuildFile; fileRef = C92458162494C3E80046F25C /* WebServiceConfiguration.swift */; };
		C92458192494C4C40046F25C /* WebServiceError.swift in Sources */ = {isa = PBXBuildFile; fileRef = C92458182494C4C40046F25C /* WebServiceError.swift */; };
		C924581B2494C5420046F25C /* GetPhotosConfiguration.swift in Sources */ = {isa = PBXBuildFile; fileRef = C924581A2494C5420046F25C /* GetPhotosConfiguration.swift */; };
		C924581D2494C9A60046F25C /* Photo.swift in Sources */ = {isa = PBXBuildFile; fileRef = C924581C2494C9A60046F25C /* Photo.swift */; };
		C92458202494CEE20046F25C /* Constants.swift in Sources */ = {isa = PBXBuildFile; fileRef = C924581F2494CEE20046F25C /* Constants.swift */; };
		C92458222494D2250046F25C /* Dates.swift in Sources */ = {isa = PBXBuildFile; fileRef = C92458212494D2250046F25C /* Dates.swift */; };
		C92458242494E3F20046F25C /* PhotoCollectionViewCell.swift in Sources */ = {isa = PBXBuildFile; fileRef = C92458232494E3F20046F25C /* PhotoCollectionViewCell.swift */; };
		C9245826249528E40046F25C /* Colors.xcassets in Resources */ = {isa = PBXBuildFile; fileRef = C9245825249528E40046F25C /* Colors.xcassets */; };
		C9245829249530600046F25C /* PhotoDetailsViewController.swift in Sources */ = {isa = PBXBuildFile; fileRef = C9245828249530600046F25C /* PhotoDetailsViewController.swift */; };
		C924582B249530850046F25C /* PhotoDetailsViewModel.swift in Sources */ = {isa = PBXBuildFile; fileRef = C924582A249530850046F25C /* PhotoDetailsViewModel.swift */; };
		C924582D249541130046F25C /* PhotoDetailsAnimatedTransistioning.swift in Sources */ = {isa = PBXBuildFile; fileRef = C924582C249541130046F25C /* PhotoDetailsAnimatedTransistioning.swift */; };
		C9245830249623F90046F25C /* PlaceholderDetailsViewController.swift in Sources */ = {isa = PBXBuildFile; fileRef = C924582F249623F90046F25C /* PlaceholderDetailsViewController.swift */; };
		C9245832249624110046F25C /* PlaceholderDetailsViewModel.swift in Sources */ = {isa = PBXBuildFile; fileRef = C9245831249624110046F25C /* PlaceholderDetailsViewModel.swift */; };
		C924583724962C970046F25C /* Localizable.strings in Resources */ = {isa = PBXBuildFile; fileRef = C924583524962C970046F25C /* Localizable.strings */; };
		C924583924962DF10046F25C /* Localization.swift in Sources */ = {isa = PBXBuildFile; fileRef = C924583824962DF10046F25C /* Localization.swift */; };
		C924583B2496310D0046F25C /* Storyboards.swift in Sources */ = {isa = PBXBuildFile; fileRef = C924583A2496310D0046F25C /* Storyboards.swift */; };
		C924583D24963D7C0046F25C /* Theming.swift in Sources */ = {isa = PBXBuildFile; fileRef = C924583C24963D7C0046F25C /* Theming.swift */; };
		C924586124966B770046F25C /* Device.swift in Sources */ = {isa = PBXBuildFile; fileRef = C924586024966B770046F25C /* Device.swift */; };
/* End PBXBuildFile section */

/* Begin PBXFileReference section */
		44F3ACD1929FBE3467ECB6FD /* Pods_PhotosForDays.framework */ = {isa = PBXFileReference; explicitFileType = wrapper.framework; includeInIndex = 0; path = Pods_PhotosForDays.framework; sourceTree = BUILT_PRODUCTS_DIR; };
		C4C5812BDB941E61AFD3CC16 /* Pods-PhotosForDays.release.xcconfig */ = {isa = PBXFileReference; includeInIndex = 1; lastKnownFileType = text.xcconfig; name = "Pods-PhotosForDays.release.xcconfig"; path = "Target Support Files/Pods-PhotosForDays/Pods-PhotosForDays.release.xcconfig"; sourceTree = "<group>"; };
		C924578324929F440046F25C /* PhotosForDays.app */ = {isa = PBXFileReference; explicitFileType = wrapper.application; includeInIndex = 0; path = PhotosForDays.app; sourceTree = BUILT_PRODUCTS_DIR; };
		C924578624929F440046F25C /* AppDelegate.swift */ = {isa = PBXFileReference; lastKnownFileType = sourcecode.swift; path = AppDelegate.swift; sourceTree = "<group>"; };
		C924578824929F440046F25C /* SceneDelegate.swift */ = {isa = PBXFileReference; lastKnownFileType = sourcecode.swift; path = SceneDelegate.swift; sourceTree = "<group>"; };
		C924578D24929F440046F25C /* Base */ = {isa = PBXFileReference; lastKnownFileType = file.storyboard; name = Base; path = Base.lproj/Main.storyboard; sourceTree = "<group>"; };
		C924578F24929F480046F25C /* Assets.xcassets */ = {isa = PBXFileReference; lastKnownFileType = folder.assetcatalog; path = Assets.xcassets; sourceTree = "<group>"; };
		C924579224929F480046F25C /* Base */ = {isa = PBXFileReference; lastKnownFileType = file.storyboard; name = Base; path = Base.lproj/LaunchScreen.storyboard; sourceTree = "<group>"; };
		C924579424929F480046F25C /* Info.plist */ = {isa = PBXFileReference; lastKnownFileType = text.plist.xml; path = Info.plist; sourceTree = "<group>"; };
		C924579F2492A2380046F25C /* Coordinator.swift */ = {isa = PBXFileReference; lastKnownFileType = sourcecode.swift; path = Coordinator.swift; sourceTree = "<group>"; };
		C924580C2492AA470046F25C /* SelectDateViewController.swift */ = {isa = PBXFileReference; lastKnownFileType = sourcecode.swift; path = SelectDateViewController.swift; sourceTree = "<group>"; };
		C924580E2492AEB80046F25C /* SelectDateViewModel.swift */ = {isa = PBXFileReference; lastKnownFileType = sourcecode.swift; path = SelectDateViewModel.swift; sourceTree = "<group>"; };
		C9245812249404A60046F25C /* PhotosCollectionViewController.swift */ = {isa = PBXFileReference; lastKnownFileType = sourcecode.swift; path = PhotosCollectionViewController.swift; sourceTree = "<group>"; };
		C9245814249404BB0046F25C /* PhotosCollectionViewModel.swift */ = {isa = PBXFileReference; lastKnownFileType = sourcecode.swift; path = PhotosCollectionViewModel.swift; sourceTree = "<group>"; };
		C92458162494C3E80046F25C /* WebServiceConfiguration.swift */ = {isa = PBXFileReference; lastKnownFileType = sourcecode.swift; path = WebServiceConfiguration.swift; sourceTree = "<group>"; };
		C92458182494C4C40046F25C /* WebServiceError.swift */ = {isa = PBXFileReference; lastKnownFileType = sourcecode.swift; path = WebServiceError.swift; sourceTree = "<group>"; };
		C924581A2494C5420046F25C /* GetPhotosConfiguration.swift */ = {isa = PBXFileReference; lastKnownFileType = sourcecode.swift; path = GetPhotosConfiguration.swift; sourceTree = "<group>"; };
		C924581C2494C9A60046F25C /* Photo.swift */ = {isa = PBXFileReference; lastKnownFileType = sourcecode.swift; path = Photo.swift; sourceTree = "<group>"; };
		C924581F2494CEE20046F25C /* Constants.swift */ = {isa = PBXFileReference; lastKnownFileType = sourcecode.swift; path = Constants.swift; sourceTree = "<group>"; };
		C92458212494D2250046F25C /* Dates.swift */ = {isa = PBXFileReference; lastKnownFileType = sourcecode.swift; path = Dates.swift; sourceTree = "<group>"; };
		C92458232494E3F20046F25C /* PhotoCollectionViewCell.swift */ = {isa = PBXFileReference; lastKnownFileType = sourcecode.swift; path = PhotoCollectionViewCell.swift; sourceTree = "<group>"; };
		C9245825249528E40046F25C /* Colors.xcassets */ = {isa = PBXFileReference; lastKnownFileType = folder.assetcatalog; path = Colors.xcassets; sourceTree = "<group>"; };
		C9245828249530600046F25C /* PhotoDetailsViewController.swift */ = {isa = PBXFileReference; lastKnownFileType = sourcecode.swift; path = PhotoDetailsViewController.swift; sourceTree = "<group>"; };
		C924582A249530850046F25C /* PhotoDetailsViewModel.swift */ = {isa = PBXFileReference; lastKnownFileType = sourcecode.swift; path = PhotoDetailsViewModel.swift; sourceTree = "<group>"; };
		C924582C249541130046F25C /* PhotoDetailsAnimatedTransistioning.swift */ = {isa = PBXFileReference; lastKnownFileType = sourcecode.swift; path = PhotoDetailsAnimatedTransistioning.swift; sourceTree = "<group>"; };
		C924582F249623F90046F25C /* PlaceholderDetailsViewController.swift */ = {isa = PBXFileReference; lastKnownFileType = sourcecode.swift; path = PlaceholderDetailsViewController.swift; sourceTree = "<group>"; };
		C9245831249624110046F25C /* PlaceholderDetailsViewModel.swift */ = {isa = PBXFileReference; lastKnownFileType = sourcecode.swift; path = PlaceholderDetailsViewModel.swift; sourceTree = "<group>"; };
		C924583624962C970046F25C /* Base */ = {isa = PBXFileReference; lastKnownFileType = text.plist.strings; name = Base; path = Base.lproj/Localizable.strings; sourceTree = "<group>"; };
		C924583824962DF10046F25C /* Localization.swift */ = {isa = PBXFileReference; lastKnownFileType = sourcecode.swift; path = Localization.swift; sourceTree = "<group>"; };
		C924583A2496310D0046F25C /* Storyboards.swift */ = {isa = PBXFileReference; lastKnownFileType = sourcecode.swift; path = Storyboards.swift; sourceTree = "<group>"; };
		C924583C24963D7C0046F25C /* Theming.swift */ = {isa = PBXFileReference; lastKnownFileType = sourcecode.swift; path = Theming.swift; sourceTree = "<group>"; };
		C924586024966B770046F25C /* Device.swift */ = {isa = PBXFileReference; lastKnownFileType = sourcecode.swift; path = Device.swift; sourceTree = "<group>"; };
		E766969BA9BEB4E579786C9E /* Pods-PhotosForDays.debug.xcconfig */ = {isa = PBXFileReference; includeInIndex = 1; lastKnownFileType = text.xcconfig; name = "Pods-PhotosForDays.debug.xcconfig"; path = "Target Support Files/Pods-PhotosForDays/Pods-PhotosForDays.debug.xcconfig"; sourceTree = "<group>"; };
/* End PBXFileReference section */

/* Begin PBXFrameworksBuildPhase section */
		C924578024929F440046F25C /* Frameworks */ = {
			isa = PBXFrameworksBuildPhase;
			buildActionMask = 2147483647;
			files = (
				5BD682879FF57298AFFE3801 /* Pods_PhotosForDays.framework in Frameworks */,
			);
			runOnlyForDeploymentPostprocessing = 0;
		};
/* End PBXFrameworksBuildPhase section */

/* Begin PBXGroup section */
		263D343C9A258A1BAC7E6EB2 /* Pods */ = {
			isa = PBXGroup;
			children = (
				E766969BA9BEB4E579786C9E /* Pods-PhotosForDays.debug.xcconfig */,
				C4C5812BDB941E61AFD3CC16 /* Pods-PhotosForDays.release.xcconfig */,
			);
			path = Pods;
			sourceTree = "<group>";
		};
		4367D5787691F35D985E6068 /* Frameworks */ = {
			isa = PBXGroup;
			children = (
				44F3ACD1929FBE3467ECB6FD /* Pods_PhotosForDays.framework */,
			);
			name = Frameworks;
			sourceTree = "<group>";
		};
		C924577A24929F440046F25C = {
			isa = PBXGroup;
			children = (
				C924578524929F440046F25C /* PhotosForDays */,
				C924578424929F440046F25C /* Products */,
				263D343C9A258A1BAC7E6EB2 /* Pods */,
				4367D5787691F35D985E6068 /* Frameworks */,
			);
			sourceTree = "<group>";
		};
		C924578424929F440046F25C /* Products */ = {
			isa = PBXGroup;
			children = (
				C924578324929F440046F25C /* PhotosForDays.app */,
			);
			name = Products;
			sourceTree = "<group>";
		};
		C924578524929F440046F25C /* PhotosForDays */ = {
			isa = PBXGroup;
			children = (
				C924578624929F440046F25C /* AppDelegate.swift */,
				C924578824929F440046F25C /* SceneDelegate.swift */,
				C924579F2492A2380046F25C /* Coordinator.swift */,
				C924579C2492A1080046F25C /* Modules */,
				C924579D2492A10F0046F25C /* Models */,
				C924579E2492A1190046F25C /* Services */,
				C924579A2492A0B10046F25C /* Resources */,
				C924581E2494CED00046F25C /* Utils */,
				C924579424929F480046F25C /* Info.plist */,
			);
			path = PhotosForDays;
			sourceTree = "<group>";
		};
		C924579A2492A0B10046F25C /* Resources */ = {
			isa = PBXGroup;
			children = (
				C924583524962C970046F25C /* Localizable.strings */,
				C9245825249528E40046F25C /* Colors.xcassets */,
				C924578F24929F480046F25C /* Assets.xcassets */,
				C924579B2492A0BA0046F25C /* Storyboards */,
			);
			path = Resources;
			sourceTree = "<group>";
		};
		C924579B2492A0BA0046F25C /* Storyboards */ = {
			isa = PBXGroup;
			children = (
				C924578C24929F440046F25C /* Main.storyboard */,
				C924579124929F480046F25C /* LaunchScreen.storyboard */,
			);
			path = Storyboards;
			sourceTree = "<group>";
		};
		C924579C2492A1080046F25C /* Modules */ = {
			isa = PBXGroup;
			children = (
				C924580B2492AA2D0046F25C /* SelectDate */,
				C9245811249404890046F25C /* PhotosCollection */,
				C924582724952FFD0046F25C /* PhotoDetails */,
				C924582E249623DA0046F25C /* PlaceholderDetails */,
			);
			path = Modules;
			sourceTree = "<group>";
		};
		C924579D2492A10F0046F25C /* Models */ = {
			isa = PBXGroup;
			children = (
				C924581C2494C9A60046F25C /* Photo.swift */,
			);
			path = Models;
			sourceTree = "<group>";
		};
		C924579E2492A1190046F25C /* Services */ = {
			isa = PBXGroup;
			children = (
				C92458162494C3E80046F25C /* WebServiceConfiguration.swift */,
				C92458182494C4C40046F25C /* WebServiceError.swift */,
				C924581A2494C5420046F25C /* GetPhotosConfiguration.swift */,
			);
			path = Services;
			sourceTree = "<group>";
		};
		C924580B2492AA2D0046F25C /* SelectDate */ = {
			isa = PBXGroup;
			children = (
				C924580C2492AA470046F25C /* SelectDateViewController.swift */,
				C924580E2492AEB80046F25C /* SelectDateViewModel.swift */,
			);
			path = SelectDate;
			sourceTree = "<group>";
		};
		C9245811249404890046F25C /* PhotosCollection */ = {
			isa = PBXGroup;
			children = (
				C9245812249404A60046F25C /* PhotosCollectionViewController.swift */,
				C9245814249404BB0046F25C /* PhotosCollectionViewModel.swift */,
				C92458232494E3F20046F25C /* PhotoCollectionViewCell.swift */,
			);
			path = PhotosCollection;
			sourceTree = "<group>";
		};
		C924581E2494CED00046F25C /* Utils */ = {
			isa = PBXGroup;
			children = (
				C924581F2494CEE20046F25C /* Constants.swift */,
				C92458212494D2250046F25C /* Dates.swift */,
				C924583824962DF10046F25C /* Localization.swift */,
				C924583A2496310D0046F25C /* Storyboards.swift */,
				C924583C24963D7C0046F25C /* Theming.swift */,
				C924586024966B770046F25C /* Device.swift */,
			);
			path = Utils;
			sourceTree = "<group>";
		};
		C924582724952FFD0046F25C /* PhotoDetails */ = {
			isa = PBXGroup;
			children = (
				C9245828249530600046F25C /* PhotoDetailsViewController.swift */,
				C924582A249530850046F25C /* PhotoDetailsViewModel.swift */,
				C924582C249541130046F25C /* PhotoDetailsAnimatedTransistioning.swift */,
			);
			path = PhotoDetails;
			sourceTree = "<group>";
		};
		C924582E249623DA0046F25C /* PlaceholderDetails */ = {
			isa = PBXGroup;
			children = (
				C924582F249623F90046F25C /* PlaceholderDetailsViewController.swift */,
				C9245831249624110046F25C /* PlaceholderDetailsViewModel.swift */,
			);
			path = PlaceholderDetails;
			sourceTree = "<group>";
		};
/* End PBXGroup section */

/* Begin PBXNativeTarget section */
		C924578224929F440046F25C /* PhotosForDays */ = {
			isa = PBXNativeTarget;
			buildConfigurationList = C924579724929F480046F25C /* Build configuration list for PBXNativeTarget "PhotosForDays" */;
			buildPhases = (
				0883EA7B086D136DC3C15DF4 /* [CP] Check Pods Manifest.lock */,
				C924577F24929F440046F25C /* Sources */,
				C924578024929F440046F25C /* Frameworks */,
				C924578124929F440046F25C /* Resources */,
				C92458102494016F0046F25C /* ShellScript */,
				956F942BBF60E17EC7653AFA /* [CP] Embed Pods Frameworks */,
			);
			buildRules = (
			);
			dependencies = (
			);
			name = PhotosForDays;
			productName = PhotosForDays;
			productReference = C924578324929F440046F25C /* PhotosForDays.app */;
			productType = "com.apple.product-type.application";
		};
/* End PBXNativeTarget section */

/* Begin PBXProject section */
		C924577B24929F440046F25C /* Project object */ = {
			isa = PBXProject;
			attributes = {
				LastSwiftUpdateCheck = 1150;
				LastUpgradeCheck = 1150;
				ORGANIZATIONNAME = collissions;
				TargetAttributes = {
					C924578224929F440046F25C = {
						CreatedOnToolsVersion = 11.5;
					};
				};
			};
			buildConfigurationList = C924577E24929F440046F25C /* Build configuration list for PBXProject "PhotosForDays" */;
			compatibilityVersion = "Xcode 9.3";
			developmentRegion = en;
			hasScannedForEncodings = 0;
			knownRegions = (
				en,
				Base,
			);
			mainGroup = C924577A24929F440046F25C;
			productRefGroup = C924578424929F440046F25C /* Products */;
			projectDirPath = "";
			projectRoot = "";
			targets = (
				C924578224929F440046F25C /* PhotosForDays */,
			);
		};
/* End PBXProject section */

/* Begin PBXResourcesBuildPhase section */
		C924578124929F440046F25C /* Resources */ = {
			isa = PBXResourcesBuildPhase;
			buildActionMask = 2147483647;
			files = (
				C924583724962C970046F25C /* Localizable.strings in Resources */,
				C924579324929F480046F25C /* LaunchScreen.storyboard in Resources */,
				C9245826249528E40046F25C /* Colors.xcassets in Resources */,
				C924579024929F480046F25C /* Assets.xcassets in Resources */,
				C924578E24929F440046F25C /* Main.storyboard in Resources */,
			);
			runOnlyForDeploymentPostprocessing = 0;
		};
/* End PBXResourcesBuildPhase section */

/* Begin PBXShellScriptBuildPhase section */
		0883EA7B086D136DC3C15DF4 /* [CP] Check Pods Manifest.lock */ = {
			isa = PBXShellScriptBuildPhase;
			buildActionMask = 2147483647;
			files = (
			);
			inputFileListPaths = (
			);
			inputPaths = (
				"${PODS_PODFILE_DIR_PATH}/Podfile.lock",
				"${PODS_ROOT}/Manifest.lock",
			);
			name = "[CP] Check Pods Manifest.lock";
			outputFileListPaths = (
			);
			outputPaths = (
				"$(DERIVED_FILE_DIR)/Pods-PhotosForDays-checkManifestLockResult.txt",
			);
			runOnlyForDeploymentPostprocessing = 0;
			shellPath = /bin/sh;
			shellScript = "diff \"${PODS_PODFILE_DIR_PATH}/Podfile.lock\" \"${PODS_ROOT}/Manifest.lock\" > /dev/null\nif [ $? != 0 ] ; then\n    # print error to STDERR\n    echo \"error: The sandbox is not in sync with the Podfile.lock. Run 'pod install' or update your CocoaPods installation.\" >&2\n    exit 1\nfi\n# This output is used by Xcode 'outputs' to avoid re-running this script phase.\necho \"SUCCESS\" > \"${SCRIPT_OUTPUT_FILE_0}\"\n";
			showEnvVarsInLog = 0;
		};
		956F942BBF60E17EC7653AFA /* [CP] Embed Pods Frameworks */ = {
			isa = PBXShellScriptBuildPhase;
			buildActionMask = 2147483647;
			files = (
			);
			inputFileListPaths = (
				"${PODS_ROOT}/Target Support Files/Pods-PhotosForDays/Pods-PhotosForDays-frameworks-${CONFIGURATION}-input-files.xcfilelist",
			);
			name = "[CP] Embed Pods Frameworks";
			outputFileListPaths = (
				"${PODS_ROOT}/Target Support Files/Pods-PhotosForDays/Pods-PhotosForDays-frameworks-${CONFIGURATION}-output-files.xcfilelist",
			);
			runOnlyForDeploymentPostprocessing = 0;
			shellPath = /bin/sh;
			shellScript = "\"${PODS_ROOT}/Target Support Files/Pods-PhotosForDays/Pods-PhotosForDays-frameworks.sh\"\n";
			showEnvVarsInLog = 0;
		};
		C92458102494016F0046F25C /* ShellScript */ = {
			isa = PBXShellScriptBuildPhase;
			buildActionMask = 2147483647;
			files = (
			);
			inputFileListPaths = (
			);
			inputPaths = (
			);
			outputFileListPaths = (
			);
			outputPaths = (
			);
			runOnlyForDeploymentPostprocessing = 0;
			shellPath = /bin/sh;
			shellScript = "\"${PODS_ROOT}/SwiftLint/swiftlint\"\n";
		};
/* End PBXShellScriptBuildPhase section */

/* Begin PBXSourcesBuildPhase section */
		C924577F24929F440046F25C /* Sources */ = {
			isa = PBXSourcesBuildPhase;
			buildActionMask = 2147483647;
			files = (
				C924581B2494C5420046F25C /* GetPhotosConfiguration.swift in Sources */,
				C9245815249404BB0046F25C /* PhotosCollectionViewModel.swift in Sources */,
				C924582B249530850046F25C /* PhotoDetailsViewModel.swift in Sources */,
				C924580F2492AEB80046F25C /* SelectDateViewModel.swift in Sources */,
				C924580D2492AA470046F25C /* SelectDateViewController.swift in Sources */,
				C924582D249541130046F25C /* PhotoDetailsAnimatedTransistioning.swift in Sources */,
				C924583B2496310D0046F25C /* Storyboards.swift in Sources */,
				C924583924962DF10046F25C /* Localization.swift in Sources */,
				C9245832249624110046F25C /* PlaceholderDetailsViewModel.swift in Sources */,
				C92457A02492A2380046F25C /* Coordinator.swift in Sources */,
				C9245813249404A60046F25C /* PhotosCollectionViewController.swift in Sources */,
				C924578724929F440046F25C /* AppDelegate.swift in Sources */,
				C9245830249623F90046F25C /* PlaceholderDetailsViewController.swift in Sources */,
				C924581D2494C9A60046F25C /* Photo.swift in Sources */,
				C92458222494D2250046F25C /* Dates.swift in Sources */,
				C924578924929F440046F25C /* SceneDelegate.swift in Sources */,
				C92458192494C4C40046F25C /* WebServiceError.swift in Sources */,
				C9245829249530600046F25C /* PhotoDetailsViewController.swift in Sources */,
				C92458242494E3F20046F25C /* PhotoCollectionViewCell.swift in Sources */,
				C92458172494C3E80046F25C /* WebServiceConfiguration.swift in Sources */,
				C924583D24963D7C0046F25C /* Theming.swift in Sources */,
				C924586124966B770046F25C /* Device.swift in Sources */,
				C92458202494CEE20046F25C /* Constants.swift in Sources */,
			);
			runOnlyForDeploymentPostprocessing = 0;
		};
/* End PBXSourcesBuildPhase section */

/* Begin PBXVariantGroup section */
		C924578C24929F440046F25C /* Main.storyboard */ = {
			isa = PBXVariantGroup;
			children = (
				C924578D24929F440046F25C /* Base */,
			);
			name = Main.storyboard;
			sourceTree = "<group>";
		};
		C924579124929F480046F25C /* LaunchScreen.storyboard */ = {
			isa = PBXVariantGroup;
			children = (
				C924579224929F480046F25C /* Base */,
			);
			name = LaunchScreen.storyboard;
			sourceTree = "<group>";
		};
		C924583524962C970046F25C /* Localizable.strings */ = {
			isa = PBXVariantGroup;
			children = (
				C924583624962C970046F25C /* Base */,
			);
			name = Localizable.strings;
			sourceTree = "<group>";
		};
/* End PBXVariantGroup section */

/* Begin XCBuildConfiguration section */
		C924579524929F480046F25C /* Debug */ = {
			isa = XCBuildConfiguration;
			buildSettings = {
				ALWAYS_SEARCH_USER_PATHS = NO;
				CLANG_ANALYZER_NONNULL = YES;
				CLANG_ANALYZER_NUMBER_OBJECT_CONVERSION = YES_AGGRESSIVE;
				CLANG_CXX_LANGUAGE_STANDARD = "gnu++14";
				CLANG_CXX_LIBRARY = "libc++";
				CLANG_ENABLE_MODULES = YES;
				CLANG_ENABLE_OBJC_ARC = YES;
				CLANG_ENABLE_OBJC_WEAK = YES;
				CLANG_WARN_BLOCK_CAPTURE_AUTORELEASING = YES;
				CLANG_WARN_BOOL_CONVERSION = YES;
				CLANG_WARN_COMMA = YES;
				CLANG_WARN_CONSTANT_CONVERSION = YES;
				CLANG_WARN_DEPRECATED_OBJC_IMPLEMENTATIONS = YES;
				CLANG_WARN_DIRECT_OBJC_ISA_USAGE = YES_ERROR;
				CLANG_WARN_DOCUMENTATION_COMMENTS = YES;
				CLANG_WARN_EMPTY_BODY = YES;
				CLANG_WARN_ENUM_CONVERSION = YES;
				CLANG_WARN_INFINITE_RECURSION = YES;
				CLANG_WARN_INT_CONVERSION = YES;
				CLANG_WARN_NON_LITERAL_NULL_CONVERSION = YES;
				CLANG_WARN_OBJC_IMPLICIT_RETAIN_SELF = YES;
				CLANG_WARN_OBJC_LITERAL_CONVERSION = YES;
				CLANG_WARN_OBJC_ROOT_CLASS = YES_ERROR;
				CLANG_WARN_RANGE_LOOP_ANALYSIS = YES;
				CLANG_WARN_STRICT_PROTOTYPES = YES;
				CLANG_WARN_SUSPICIOUS_MOVE = YES;
				CLANG_WARN_UNGUARDED_AVAILABILITY = YES_AGGRESSIVE;
				CLANG_WARN_UNREACHABLE_CODE = YES;
				CLANG_WARN__DUPLICATE_METHOD_MATCH = YES;
				COPY_PHASE_STRIP = NO;
				DEBUG_INFORMATION_FORMAT = dwarf;
				ENABLE_STRICT_OBJC_MSGSEND = YES;
				ENABLE_TESTABILITY = YES;
				GCC_C_LANGUAGE_STANDARD = gnu11;
				GCC_DYNAMIC_NO_PIC = NO;
				GCC_NO_COMMON_BLOCKS = YES;
				GCC_OPTIMIZATION_LEVEL = 0;
				GCC_PREPROCESSOR_DEFINITIONS = (
					"DEBUG=1",
					"$(inherited)",
				);
				GCC_WARN_64_TO_32_BIT_CONVERSION = YES;
				GCC_WARN_ABOUT_RETURN_TYPE = YES_ERROR;
				GCC_WARN_UNDECLARED_SELECTOR = YES;
				GCC_WARN_UNINITIALIZED_AUTOS = YES_AGGRESSIVE;
				GCC_WARN_UNUSED_FUNCTION = YES;
				GCC_WARN_UNUSED_VARIABLE = YES;
				IPHONEOS_DEPLOYMENT_TARGET = 13.5;
				MTL_ENABLE_DEBUG_INFO = INCLUDE_SOURCE;
				MTL_FAST_MATH = YES;
				ONLY_ACTIVE_ARCH = YES;
				SDKROOT = iphoneos;
				SWIFT_ACTIVE_COMPILATION_CONDITIONS = DEBUG;
				SWIFT_OPTIMIZATION_LEVEL = "-Onone";
			};
			name = Debug;
		};
		C924579624929F480046F25C /* Release */ = {
			isa = XCBuildConfiguration;
			buildSettings = {
				ALWAYS_SEARCH_USER_PATHS = NO;
				CLANG_ANALYZER_NONNULL = YES;
				CLANG_ANALYZER_NUMBER_OBJECT_CONVERSION = YES_AGGRESSIVE;
				CLANG_CXX_LANGUAGE_STANDARD = "gnu++14";
				CLANG_CXX_LIBRARY = "libc++";
				CLANG_ENABLE_MODULES = YES;
				CLANG_ENABLE_OBJC_ARC = YES;
				CLANG_ENABLE_OBJC_WEAK = YES;
				CLANG_WARN_BLOCK_CAPTURE_AUTORELEASING = YES;
				CLANG_WARN_BOOL_CONVERSION = YES;
				CLANG_WARN_COMMA = YES;
				CLANG_WARN_CONSTANT_CONVERSION = YES;
				CLANG_WARN_DEPRECATED_OBJC_IMPLEMENTATIONS = YES;
				CLANG_WARN_DIRECT_OBJC_ISA_USAGE = YES_ERROR;
				CLANG_WARN_DOCUMENTATION_COMMENTS = YES;
				CLANG_WARN_EMPTY_BODY = YES;
				CLANG_WARN_ENUM_CONVERSION = YES;
				CLANG_WARN_INFINITE_RECURSION = YES;
				CLANG_WARN_INT_CONVERSION = YES;
				CLANG_WARN_NON_LITERAL_NULL_CONVERSION = YES;
				CLANG_WARN_OBJC_IMPLICIT_RETAIN_SELF = YES;
				CLANG_WARN_OBJC_LITERAL_CONVERSION = YES;
				CLANG_WARN_OBJC_ROOT_CLASS = YES_ERROR;
				CLANG_WARN_RANGE_LOOP_ANALYSIS = YES;
				CLANG_WARN_STRICT_PROTOTYPES = YES;
				CLANG_WARN_SUSPICIOUS_MOVE = YES;
				CLANG_WARN_UNGUARDED_AVAILABILITY = YES_AGGRESSIVE;
				CLANG_WARN_UNREACHABLE_CODE = YES;
				CLANG_WARN__DUPLICATE_METHOD_MATCH = YES;
				COPY_PHASE_STRIP = NO;
				DEBUG_INFORMATION_FORMAT = "dwarf-with-dsym";
				ENABLE_NS_ASSERTIONS = NO;
				ENABLE_STRICT_OBJC_MSGSEND = YES;
				GCC_C_LANGUAGE_STANDARD = gnu11;
				GCC_NO_COMMON_BLOCKS = YES;
				GCC_WARN_64_TO_32_BIT_CONVERSION = YES;
				GCC_WARN_ABOUT_RETURN_TYPE = YES_ERROR;
				GCC_WARN_UNDECLARED_SELECTOR = YES;
				GCC_WARN_UNINITIALIZED_AUTOS = YES_AGGRESSIVE;
				GCC_WARN_UNUSED_FUNCTION = YES;
				GCC_WARN_UNUSED_VARIABLE = YES;
				IPHONEOS_DEPLOYMENT_TARGET = 13.5;
				MTL_ENABLE_DEBUG_INFO = NO;
				MTL_FAST_MATH = YES;
				SDKROOT = iphoneos;
				SWIFT_COMPILATION_MODE = wholemodule;
				SWIFT_OPTIMIZATION_LEVEL = "-O";
				VALIDATE_PRODUCT = YES;
			};
			name = Release;
		};
		C924579824929F480046F25C /* Debug */ = {
			isa = XCBuildConfiguration;
			baseConfigurationReference = E766969BA9BEB4E579786C9E /* Pods-PhotosForDays.debug.xcconfig */;
			buildSettings = {
				ASSETCATALOG_COMPILER_APPICON_NAME = AppIcon;
				CODE_SIGN_STYLE = Automatic;
				DEVELOPMENT_TEAM = C77473KVZX;
				INFOPLIST_FILE = PhotosForDays/Info.plist;
				LD_RUNPATH_SEARCH_PATHS = (
					"$(inherited)",
					"@executable_path/Frameworks",
				);
				PRODUCT_BUNDLE_IDENTIFIER = com.collissions.PhotosForDays;
				PRODUCT_NAME = "$(TARGET_NAME)";
				SWIFT_VERSION = 5.0;
				TARGETED_DEVICE_FAMILY = "1,2";
			};
			name = Debug;
		};
		C924579924929F480046F25C /* Release */ = {
			isa = XCBuildConfiguration;
			baseConfigurationReference = C4C5812BDB941E61AFD3CC16 /* Pods-PhotosForDays.release.xcconfig */;
			buildSettings = {
				ASSETCATALOG_COMPILER_APPICON_NAME = AppIcon;
				CODE_SIGN_STYLE = Automatic;
				DEVELOPMENT_TEAM = C77473KVZX;
				INFOPLIST_FILE = PhotosForDays/Info.plist;
				LD_RUNPATH_SEARCH_PATHS = (
					"$(inherited)",
					"@executable_path/Frameworks",
				);
				PRODUCT_BUNDLE_IDENTIFIER = com.collissions.PhotosForDays;
				PRODUCT_NAME = "$(TARGET_NAME)";
				SWIFT_VERSION = 5.0;
				TARGETED_DEVICE_FAMILY = "1,2";
			};
			name = Release;
		};
/* End XCBuildConfiguration section */

/* Begin XCConfigurationList section */
		C924577E24929F440046F25C /* Build configuration list for PBXProject "PhotosForDays" */ = {
			isa = XCConfigurationList;
			buildConfigurations = (
				C924579524929F480046F25C /* Debug */,
				C924579624929F480046F25C /* Release */,
			);
			defaultConfigurationIsVisible = 0;
			defaultConfigurationName = Release;
		};
		C924579724929F480046F25C /* Build configuration list for PBXNativeTarget "PhotosForDays" */ = {
			isa = XCConfigurationList;
			buildConfigurations = (
				C924579824929F480046F25C /* Debug */,
				C924579924929F480046F25C /* Release */,
			);
			defaultConfigurationIsVisible = 0;
			defaultConfigurationName = Release;
		};
/* End XCConfigurationList section */
	};
	rootObject = C924577B24929F440046F25C /* Project object */;
}
